dependencies:
- name: postgres-cluster
  repository: https://ujstor.github.io/helm-charts-system
  version: 1.0.0
- name: secret-store
  repository: https://ujstor.github.io/helm-charts-system
  version: 1.0.0
digest: sha256:177c54bd4709b8e1537e70bd0b7b999d36842484e460972aa736bf52e9e5342c
generated: "2024-11-23T18:41:11.691981759+01:00"
