dependencies:
- name: postgres-cluster
  repository: https://ujstor.github.io/helm-charts-system
  version: 1.0.0
- name: secret-store
  repository: https://ujstor.github.io/helm-charts-system
  version: 1.0.0
digest: sha256:bbdb0211cf8ce4128f35dbadbcc8304afda2a15b7d0842a09892762e2d9ec0b0
generated: "2024-11-23T18:54:20.886145666+01:00"
